
Microsoft Visual Studio Solution File, Format Version 12.00
# Visual Studio Version 16
VisualStudioVersion = 16.0.30621.155
MinimumVisualStudioVersion = 10.0.40219.1
Project("{9A19103F-16F7-4668-BE54-9A1E7A4F7556}") = "BattleShip", "BattleShip\BattleShip.csproj", "{D6284055-10CF-479B-8EBB-062165C461AB}"
EndProject
Project("{9A19103F-16F7-4668-BE54-9A1E7A4F7556}") = "BattleShip.Test", "BattleShip.Test\BattleShip.Test.csproj", "{4AA601C6-A14A-4DBE-8CF5-DC97A0E6952B}"
EndProject
Project("{9A19103F-16F7-4668-BE54-9A1E7A4F7556}") = "BattleShip.Cli", "BattleShip.Cli\BattleShip.Cli.csproj", "{12D5EEED-7190-4A1A-A175-14865491B7F7}"
EndProject
Global
	GlobalSection(SolutionConfigurationPlatforms) = preSolution
		Debug|Any CPU = Debug|Any CPU
		Release|Any CPU = Release|Any CPU
	EndGlobalSection
	GlobalSection(ProjectConfigurationPlatforms) = postSolution
		{D6284055-10CF-479B-8EBB-062165C461AB}.Debug|Any CPU.ActiveCfg = Debug|Any CPU
		{D6284055-10CF-479B-8EBB-062165C461AB}.Debug|Any CPU.Build.0 = Debug|Any CPU
		{D6284055-10CF-479B-8EBB-062165C461AB}.Release|Any CPU.ActiveCfg = Release|Any CPU
		{D6284055-10CF-479B-8EBB-062165C461AB}.Release|Any CPU.Build.0 = Release|Any CPU
		{4AA601C6-A14A-4DBE-8CF5-DC97A0E6952B}.Debug|Any CPU.ActiveCfg = Debug|Any CPU
		{4AA601C6-A14A-4DBE-8CF5-DC97A0E6952B}.Debug|Any CPU.Build.0 = Debug|Any CPU
		{4AA601C6-A14A-4DBE-8CF5-DC97A0E6952B}.Release|Any CPU.ActiveCfg = Release|Any CPU
		{4AA601C6-A14A-4DBE-8CF5-DC97A0E6952B}.Release|Any CPU.Build.0 = Release|Any CPU
		{12D5EEED-7190-4A1A-A175-14865491B7F7}.Debug|Any CPU.ActiveCfg = Debug|Any CPU
		{12D5EEED-7190-4A1A-A175-14865491B7F7}.Debug|Any CPU.Build.0 = Debug|Any CPU
		{12D5EEED-7190-4A1A-A175-14865491B7F7}.Release|Any CPU.ActiveCfg = Release|Any CPU
		{12D5EEED-7190-4A1A-A175-14865491B7F7}.Release|Any CPU.Build.0 = Release|Any CPU
	EndGlobalSection
	GlobalSection(SolutionProperties) = preSolution
		HideSolutionNode = FALSE
	EndGlobalSection
	GlobalSection(ExtensibilityGlobals) = postSolution
		SolutionGuid = {26285098-2FF4-4381-AC8A-4201BB041D16}
	EndGlobalSection
EndGlobal
